
Microsoft Visual Studio Solution File, Format Version 12.00
# Visual Studio Version 16
VisualStudioVersion = 16.0.31613.86
MinimumVisualStudioVersion = 10.0.40219.1
Project("{FAE04EC0-301F-11D3-BF4B-00C04F79EFBC}") = "Calculadora de rendimentos", "Calculadora de rendimentos.csproj", "{90CDD486-4A42-4433-937C-94CD4439DEAD}"
EndProject
Global
	GlobalSection(SolutionConfigurationPlatforms) = preSolution
		Debug|Any CPU = Debug|Any CPU
		Release|Any CPU = Release|Any CPU
	EndGlobalSection
	GlobalSection(ProjectConfigurationPlatforms) = postSolution
		{90CDD486-4A42-4433-937C-94CD4439DEAD}.Debug|Any CPU.ActiveCfg = Debug|Any CPU
		{90CDD486-4A42-4433-937C-94CD4439DEAD}.Debug|Any CPU.Build.0 = Debug|Any CPU
		{90CDD486-4A42-4433-937C-94CD4439DEAD}.Release|Any CPU.ActiveCfg = Release|Any CPU
		{90CDD486-4A42-4433-937C-94CD4439DEAD}.Release|Any CPU.Build.0 = Release|Any CPU
	EndGlobalSection
	GlobalSection(SolutionProperties) = preSolution
		HideSolutionNode = FALSE
	EndGlobalSection
	GlobalSection(ExtensibilityGlobals) = postSolution
		SolutionGuid = {67082849-E912-4420-97A8-5790099E2812}
	EndGlobalSection
EndGlobal
